
Microsoft Visual Studio Solution File, Format Version 12.00
# Visual Studio 15
Project("{FAE04EC0-301F-11D3-BF4B-00C04F79EFBC}") = "Assembly-CSharp", "Assembly-CSharp.csproj", "{71E43B04-F935-DF79-E58F-D1C7E794D411}"
EndProject
Project("{FAE04EC0-301F-11D3-BF4B-00C04F79EFBC}") = "PhotonUnityNetworking.Utilities", "PhotonUnityNetworking.Utilities.csproj", "{B51046DE-3680-E486-E4E3-193DEEE19F8A}"
EndProject
Project("{FAE04EC0-301F-11D3-BF4B-00C04F79EFBC}") = "PhotonVoice.API", "PhotonVoice.API.csproj", "{6D49A158-A8CC-7B42-D9FF-C415E75D8EAA}"
EndProject
Project("{FAE04EC0-301F-11D3-BF4B-00C04F79EFBC}") = "Oculus.VR", "Oculus.VR.csproj", "{5502F0CF-65CF-C8B7-4DD2-D00CEA407184}"
EndProject
Project("{FAE04EC0-301F-11D3-BF4B-00C04F79EFBC}") = "BitpackersASMDEF", "BitpackersASMDEF.csproj", "{7B9CA9E3-3DB7-902E-F59D-B4FFAC436C71}"
EndProject
Project("{FAE04EC0-301F-11D3-BF4B-00C04F79EFBC}") = "EmoCompressUtilsASMDEF", "EmoCompressUtilsASMDEF.csproj", "{C46AC366-4733-561C-B56A-606C070DB16D}"
EndProject
Project("{FAE04EC0-301F-11D3-BF4B-00C04F79EFBC}") = "Oculus.Platform", "Oculus.Platform.csproj", "{2E0703B7-1A5F-C358-2240-17FA52BA6D76}"
EndProject
Project("{FAE04EC0-301F-11D3-BF4B-00C04F79EFBC}") = "PhotonChat", "PhotonChat.csproj", "{8F5BE5E5-13A8-2B1F-413F-9D4AD9EC3433}"
EndProject
Project("{FAE04EC0-301F-11D3-BF4B-00C04F79EFBC}") = "PhotonUnityNetworking", "PhotonUnityNetworking.csproj", "{CDD666AF-EB5A-547D-F1BA-57E7BE2774C0}"
EndProject
Project("{FAE04EC0-301F-11D3-BF4B-00C04F79EFBC}") = "PhotonRealtime", "PhotonRealtime.csproj", "{FF3DF809-E55B-C94D-31EE-8743EC2FD69E}"
EndProject
Project("{FAE04EC0-301F-11D3-BF4B-00C04F79EFBC}") = "PhotonVoice", "PhotonVoice.csproj", "{E02399EC-BDB9-274B-E34A-9AAF90F3FCB9}"
EndProject
Project("{FAE04EC0-301F-11D3-BF4B-00C04F79EFBC}") = "HalfFloatASMDEF", "HalfFloatASMDEF.csproj", "{11F82090-56A5-79D7-BC3B-6AF970313D1F}"
EndProject
Project("{FAE04EC0-301F-11D3-BF4B-00C04F79EFBC}") = "PhotonVoice.PUN", "PhotonVoice.PUN.csproj", "{9602CD4C-3B00-7DC3-CEBF-F45E7C6E6518}"
EndProject
Project("{FAE04EC0-301F-11D3-BF4B-00C04F79EFBC}") = "PhotonVoice.Editor", "PhotonVoice.Editor.csproj", "{8B8A35BA-8968-172A-A06B-49F5B883A7FA}"
EndProject
Project("{FAE04EC0-301F-11D3-BF4B-00C04F79EFBC}") = "Assembly-CSharp-Editor", "Assembly-CSharp-Editor.csproj", "{EFFEA365-F5E5-4AEF-F230-1050A8D3A9A8}"
EndProject
Project("{FAE04EC0-301F-11D3-BF4B-00C04F79EFBC}") = "Oculus.VR.Scripts.Editor", "Oculus.VR.Scripts.Editor.csproj", "{D83F6CAA-B1E0-8B41-B749-195DCF8EB3EC}"
EndProject
Project("{FAE04EC0-301F-11D3-BF4B-00C04F79EFBC}") = "Oculus.VR.Editor", "Oculus.VR.Editor.csproj", "{7B1DE2B7-4892-6FF0-78D8-1401FBEA7F1F}"
EndProject
Project("{FAE04EC0-301F-11D3-BF4B-00C04F79EFBC}") = "PhotonUnityNetworking.Editor", "PhotonUnityNetworking.Editor.csproj", "{BC3963DF-A4E7-2FDD-A3B9-897D355FF34D}"
EndProject
Project("{FAE04EC0-301F-11D3-BF4B-00C04F79EFBC}") = "Oculus.Platform.Editor", "Oculus.Platform.Editor.csproj", "{1298EC41-1F59-6003-44DD-3FA9E127BD50}"
EndProject
Project("{FAE04EC0-301F-11D3-BF4B-00C04F79EFBC}") = "PhotonVoice.Utilities.Editor", "PhotonVoice.Utilities.Editor.csproj", "{F973724B-2551-35F4-C325-3EC5FDCEC4D2}"
EndProject
Project("{FAE04EC0-301F-11D3-BF4B-00C04F79EFBC}") = "PhotonUnityNetworking.Utilities.PhotonPlayer.Editor", "PhotonUnityNetworking.Utilities.PhotonPlayer.Editor.csproj", "{27F084FF-33F5-670A-11E6-DA76649D7843}"
EndProject
Project("{FAE04EC0-301F-11D3-BF4B-00C04F79EFBC}") = "PhotonUnityNetworking.Utilities.Culling.Editor", "PhotonUnityNetworking.Utilities.Culling.Editor.csproj", "{440C158E-BC90-8447-C0A3-97C03AFB8D40}"
EndProject
Project("{FAE04EC0-301F-11D3-BF4B-00C04F79EFBC}") = "PhotonVoice.PUN.Editor", "PhotonVoice.PUN.Editor.csproj", "{CBA80B72-9B90-629C-6DF6-E278429F12B0}"
EndProject
Global
	GlobalSection(SolutionConfigurationPlatforms) = preSolution
		Debug|Any CPU = Debug|Any CPU
		Release|Any CPU = Release|Any CPU
	EndGlobalSection
	GlobalSection(ProjectConfigurationPlatforms) = postSolution
		{71E43B04-F935-DF79-E58F-D1C7E794D411}.Debug|Any CPU.ActiveCfg = Debug|Any CPU
		{71E43B04-F935-DF79-E58F-D1C7E794D411}.Debug|Any CPU.Build.0 = Debug|Any CPU
		{71E43B04-F935-DF79-E58F-D1C7E794D411}.Release|Any CPU.ActiveCfg = Release|Any CPU
		{71E43B04-F935-DF79-E58F-D1C7E794D411}.Release|Any CPU.Build.0 = Release|Any CPU
		{B51046DE-3680-E486-E4E3-193DEEE19F8A}.Debug|Any CPU.ActiveCfg = Debug|Any CPU
		{B51046DE-3680-E486-E4E3-193DEEE19F8A}.Debug|Any CPU.Build.0 = Debug|Any CPU
		{B51046DE-3680-E486-E4E3-193DEEE19F8A}.Release|Any CPU.ActiveCfg = Release|Any CPU
		{B51046DE-3680-E486-E4E3-193DEEE19F8A}.Release|Any CPU.Build.0 = Release|Any CPU
		{6D49A158-A8CC-7B42-D9FF-C415E75D8EAA}.Debug|Any CPU.ActiveCfg = Debug|Any CPU
		{6D49A158-A8CC-7B42-D9FF-C415E75D8EAA}.Debug|Any CPU.Build.0 = Debug|Any CPU
		{6D49A158-A8CC-7B42-D9FF-C415E75D8EAA}.Release|Any CPU.ActiveCfg = Release|Any CPU
		{6D49A158-A8CC-7B42-D9FF-C415E75D8EAA}.Release|Any CPU.Build.0 = Release|Any CPU
		{5502F0CF-65CF-C8B7-4DD2-D00CEA407184}.Debug|Any CPU.ActiveCfg = Debug|Any CPU
		{5502F0CF-65CF-C8B7-4DD2-D00CEA407184}.Debug|Any CPU.Build.0 = Debug|Any CPU
		{5502F0CF-65CF-C8B7-4DD2-D00CEA407184}.Release|Any CPU.ActiveCfg = Release|Any CPU
		{5502F0CF-65CF-C8B7-4DD2-D00CEA407184}.Release|Any CPU.Build.0 = Release|Any CPU
		{7B9CA9E3-3DB7-902E-F59D-B4FFAC436C71}.Debug|Any CPU.ActiveCfg = Debug|Any CPU
		{7B9CA9E3-3DB7-902E-F59D-B4FFAC436C71}.Debug|Any CPU.Build.0 = Debug|Any CPU
		{7B9CA9E3-3DB7-902E-F59D-B4FFAC436C71}.Release|Any CPU.ActiveCfg = Release|Any CPU
		{7B9CA9E3-3DB7-902E-F59D-B4FFAC436C71}.Release|Any CPU.Build.0 = Release|Any CPU
		{C46AC366-4733-561C-B56A-606C070DB16D}.Debug|Any CPU.ActiveCfg = Debug|Any CPU
		{C46AC366-4733-561C-B56A-606C070DB16D}.Debug|Any CPU.Build.0 = Debug|Any CPU
		{C46AC366-4733-561C-B56A-606C070DB16D}.Release|Any CPU.ActiveCfg = Release|Any CPU
		{C46AC366-4733-561C-B56A-606C070DB16D}.Release|Any CPU.Build.0 = Release|Any CPU
		{2E0703B7-1A5F-C358-2240-17FA52BA6D76}.Debug|Any CPU.ActiveCfg = Debug|Any CPU
		{2E0703B7-1A5F-C358-2240-17FA52BA6D76}.Debug|Any CPU.Build.0 = Debug|Any CPU
		{2E0703B7-1A5F-C358-2240-17FA52BA6D76}.Release|Any CPU.ActiveCfg = Release|Any CPU
		{2E0703B7-1A5F-C358-2240-17FA52BA6D76}.Release|Any CPU.Build.0 = Release|Any CPU
		{8F5BE5E5-13A8-2B1F-413F-9D4AD9EC3433}.Debug|Any CPU.ActiveCfg = Debug|Any CPU
		{8F5BE5E5-13A8-2B1F-413F-9D4AD9EC3433}.Debug|Any CPU.Build.0 = Debug|Any CPU
		{8F5BE5E5-13A8-2B1F-413F-9D4AD9EC3433}.Release|Any CPU.ActiveCfg = Release|Any CPU
		{8F5BE5E5-13A8-2B1F-413F-9D4AD9EC3433}.Release|Any CPU.Build.0 = Release|Any CPU
		{CDD666AF-EB5A-547D-F1BA-57E7BE2774C0}.Debug|Any CPU.ActiveCfg = Debug|Any CPU
		{CDD666AF-EB5A-547D-F1BA-57E7BE2774C0}.Debug|Any CPU.Build.0 = Debug|Any CPU
		{CDD666AF-EB5A-547D-F1BA-57E7BE2774C0}.Release|Any CPU.ActiveCfg = Release|Any CPU
		{CDD666AF-EB5A-547D-F1BA-57E7BE2774C0}.Release|Any CPU.Build.0 = Release|Any CPU
		{FF3DF809-E55B-C94D-31EE-8743EC2FD69E}.Debug|Any CPU.ActiveCfg = Debug|Any CPU
		{FF3DF809-E55B-C94D-31EE-8743EC2FD69E}.Debug|Any CPU.Build.0 = Debug|Any CPU
		{FF3DF809-E55B-C94D-31EE-8743EC2FD69E}.Release|Any CPU.ActiveCfg = Release|Any CPU
		{FF3DF809-E55B-C94D-31EE-8743EC2FD69E}.Release|Any CPU.Build.0 = Release|Any CPU
		{E02399EC-BDB9-274B-E34A-9AAF90F3FCB9}.Debug|Any CPU.ActiveCfg = Debug|Any CPU
		{E02399EC-BDB9-274B-E34A-9AAF90F3FCB9}.Debug|Any CPU.Build.0 = Debug|Any CPU
		{E02399EC-BDB9-274B-E34A-9AAF90F3FCB9}.Release|Any CPU.ActiveCfg = Release|Any CPU
		{E02399EC-BDB9-274B-E34A-9AAF90F3FCB9}.Release|Any CPU.Build.0 = Release|Any CPU
		{11F82090-56A5-79D7-BC3B-6AF970313D1F}.Debug|Any CPU.ActiveCfg = Debug|Any CPU
		{11F82090-56A5-79D7-BC3B-6AF970313D1F}.Debug|Any CPU.Build.0 = Debug|Any CPU
		{11F82090-56A5-79D7-BC3B-6AF970313D1F}.Release|Any CPU.ActiveCfg = Release|Any CPU
		{11F82090-56A5-79D7-BC3B-6AF970313D1F}.Release|Any CPU.Build.0 = Release|Any CPU
		{9602CD4C-3B00-7DC3-CEBF-F45E7C6E6518}.Debug|Any CPU.ActiveCfg = Debug|Any CPU
		{9602CD4C-3B00-7DC3-CEBF-F45E7C6E6518}.Debug|Any CPU.Build.0 = Debug|Any CPU
		{9602CD4C-3B00-7DC3-CEBF-F45E7C6E6518}.Release|Any CPU.ActiveCfg = Release|Any CPU
		{9602CD4C-3B00-7DC3-CEBF-F45E7C6E6518}.Release|Any CPU.Build.0 = Release|Any CPU
		{8B8A35BA-8968-172A-A06B-49F5B883A7FA}.Debug|Any CPU.ActiveCfg = Debug|Any CPU
		{8B8A35BA-8968-172A-A06B-49F5B883A7FA}.Debug|Any CPU.Build.0 = Debug|Any CPU
		{8B8A35BA-8968-172A-A06B-49F5B883A7FA}.Release|Any CPU.ActiveCfg = Release|Any CPU
		{8B8A35BA-8968-172A-A06B-49F5B883A7FA}.Release|Any CPU.Build.0 = Release|Any CPU
		{EFFEA365-F5E5-4AEF-F230-1050A8D3A9A8}.Debug|Any CPU.ActiveCfg = Debug|Any CPU
		{EFFEA365-F5E5-4AEF-F230-1050A8D3A9A8}.Debug|Any CPU.Build.0 = Debug|Any CPU
		{EFFEA365-F5E5-4AEF-F230-1050A8D3A9A8}.Release|Any CPU.ActiveCfg = Release|Any CPU
		{EFFEA365-F5E5-4AEF-F230-1050A8D3A9A8}.Release|Any CPU.Build.0 = Release|Any CPU
		{D83F6CAA-B1E0-8B41-B749-195DCF8EB3EC}.Debug|Any CPU.ActiveCfg = Debug|Any CPU
		{D83F6CAA-B1E0-8B41-B749-195DCF8EB3EC}.Debug|Any CPU.Build.0 = Debug|Any CPU
		{D83F6CAA-B1E0-8B41-B749-195DCF8EB3EC}.Release|Any CPU.ActiveCfg = Release|Any CPU
		{D83F6CAA-B1E0-8B41-B749-195DCF8EB3EC}.Release|Any CPU.Build.0 = Release|Any CPU
		{7B1DE2B7-4892-6FF0-78D8-1401FBEA7F1F}.Debug|Any CPU.ActiveCfg = Debug|Any CPU
		{7B1DE2B7-4892-6FF0-78D8-1401FBEA7F1F}.Debug|Any CPU.Build.0 = Debug|Any CPU
		{7B1DE2B7-4892-6FF0-78D8-1401FBEA7F1F}.Release|Any CPU.ActiveCfg = Release|Any CPU
		{7B1DE2B7-4892-6FF0-78D8-1401FBEA7F1F}.Release|Any CPU.Build.0 = Release|Any CPU
		{BC3963DF-A4E7-2FDD-A3B9-897D355FF34D}.Debug|Any CPU.ActiveCfg = Debug|Any CPU
		{BC3963DF-A4E7-2FDD-A3B9-897D355FF34D}.Debug|Any CPU.Build.0 = Debug|Any CPU
		{BC3963DF-A4E7-2FDD-A3B9-897D355FF34D}.Release|Any CPU.ActiveCfg = Release|Any CPU
		{BC3963DF-A4E7-2FDD-A3B9-897D355FF34D}.Release|Any CPU.Build.0 = Release|Any CPU
		{1298EC41-1F59-6003-44DD-3FA9E127BD50}.Debug|Any CPU.ActiveCfg = Debug|Any CPU
		{1298EC41-1F59-6003-44DD-3FA9E127BD50}.Debug|Any CPU.Build.0 = Debug|Any CPU
		{1298EC41-1F59-6003-44DD-3FA9E127BD50}.Release|Any CPU.ActiveCfg = Release|Any CPU
		{1298EC41-1F59-6003-44DD-3FA9E127BD50}.Release|Any CPU.Build.0 = Release|Any CPU
		{F973724B-2551-35F4-C325-3EC5FDCEC4D2}.Debug|Any CPU.ActiveCfg = Debug|Any CPU
		{F973724B-2551-35F4-C325-3EC5FDCEC4D2}.Debug|Any CPU.Build.0 = Debug|Any CPU
		{F973724B-2551-35F4-C325-3EC5FDCEC4D2}.Release|Any CPU.ActiveCfg = Release|Any CPU
		{F973724B-2551-35F4-C325-3EC5FDCEC4D2}.Release|Any CPU.Build.0 = Release|Any CPU
		{27F084FF-33F5-670A-11E6-DA76649D7843}.Debug|Any CPU.ActiveCfg = Debug|Any CPU
		{27F084FF-33F5-670A-11E6-DA76649D7843}.Debug|Any CPU.Build.0 = Debug|Any CPU
		{27F084FF-33F5-670A-11E6-DA76649D7843}.Release|Any CPU.ActiveCfg = Release|Any CPU
		{27F084FF-33F5-670A-11E6-DA76649D7843}.Release|Any CPU.Build.0 = Release|Any CPU
		{440C158E-BC90-8447-C0A3-97C03AFB8D40}.Debug|Any CPU.ActiveCfg = Debug|Any CPU
		{440C158E-BC90-8447-C0A3-97C03AFB8D40}.Debug|Any CPU.Build.0 = Debug|Any CPU
		{440C158E-BC90-8447-C0A3-97C03AFB8D40}.Release|Any CPU.ActiveCfg = Release|Any CPU
		{440C158E-BC90-8447-C0A3-97C03AFB8D40}.Release|Any CPU.Build.0 = Release|Any CPU
		{CBA80B72-9B90-629C-6DF6-E278429F12B0}.Debug|Any CPU.ActiveCfg = Debug|Any CPU
		{CBA80B72-9B90-629C-6DF6-E278429F12B0}.Debug|Any CPU.Build.0 = Debug|Any CPU
		{CBA80B72-9B90-629C-6DF6-E278429F12B0}.Release|Any CPU.ActiveCfg = Release|Any CPU
		{CBA80B72-9B90-629C-6DF6-E278429F12B0}.Release|Any CPU.Build.0 = Release|Any CPU
	EndGlobalSection
	GlobalSection(SolutionProperties) = preSolution
		HideSolutionNode = FALSE
	EndGlobalSection
EndGlobal
